{
  "originHash" : "6d8e4ef43d5c87743ddb8fffa67e63887d93f568f7a3d6ab69c55ac1d9d18d2a",
  "pins" : [
    {
      "identity" : "braze-swift-sdk",
      "kind" : "remoteSourceControl",
      "location" : "https://github.com/braze-inc/braze-swift-sdk",
      "state" : {
        "revision" : "0dd962407eacf857b3555c4c3d948adf3544b0fc",
        "version" : "9.3.1"
      }
    },
    {
      "identity" : "onesignal-xcframework",
      "kind" : "remoteSourceControl",
      "location" : "https://github.com/OneSignal/OneSignal-XCFramework",
      "state" : {
        "revision" : "4b1006d361811aa8f1c4d2ae0fab94a18540ff75",
        "version" : "5.2.2"
      }
    },
    {
      "identity" : "sdwebimage",
      "kind" : "remoteSourceControl",
      "location" : "https://github.com/SDWebImage/SDWebImage.git",
      "state" : {
        "revision" : "86e9185ef41c4238a93ad8efe61ddeb701e80bbf",
        "version" : "5.19.5"
      }
    }
  ],
  "version" : 3
}
